{
  "requires": true,
  "lockfileVersion": 1,
  "dependencies": {
    "hexo-theme-fluid": {
      "version": "1.9.5-a",
      "resolved": "https://registry.npmjs.org/hexo-theme-fluid/-/hexo-theme-fluid-1.9.5-a.tgz",
      "integrity": "sha512-lmpLUtYfEDTFoOAuhZ8wNPzfS8DU9Kbck/JGvpPBWkss2xSNddgRGxpJEpAAdD2ikUf3KI5sehOPMBfk9yVDfQ=="
    }
  }
}
